// !$*UTF8*$!
{
	archiveVersion = 1;
	classes = {
	};
	objectVersion = 46;
	objects = {

/* Begin PBXBuildFile section */
		2E0C211A1EB317E700D94DAE /* BezierPathView.m in Sources */ = {isa = PBXBuildFile; fileRef = 2E0C21141EB317E700D94DAE /* BezierPathView.m */; };
		2E0C211B1EB317E700D94DAE /* MainViewController.m in Sources */ = {isa = PBXBuildFile; fileRef = 2E0C21171EB317E700D94DAE /* MainViewController.m */; };
		2E0C211C1EB317E700D94DAE /* SelectViewController.m in Sources */ = {isa = PBXBuildFile; fileRef = 2E0C21191EB317E700D94DAE /* SelectViewController.m */; };
		2E0C211F1EB3181E00D94DAE /* typeModel.m in Sources */ = {isa = PBXBuildFile; fileRef = 2E0C211E1EB3181E00D94DAE /* typeModel.m */; };
		2E6E66BD1EB1C74100D09F19 /* main.m in Sources */ = {isa = PBXBuildFile; fileRef = 2E6E66BC1EB1C74100D09F19 /* main.m */; };
		2E6E66C81EB1C74100D09F19 /* Assets.xcassets in Resources */ = {isa = PBXBuildFile; fileRef = 2E6E66C71EB1C74100D09F19 /* Assets.xcassets */; };
		2E6E66CB1EB1C74100D09F19 /* LaunchScreen.storyboard in Resources */ = {isa = PBXBuildFile; fileRef = 2E6E66C91EB1C74100D09F19 /* LaunchScreen.storyboard */; };
		2E6E66D61EB1C74100D09F19 /* UIBezierPath_____Tests.m in Sources */ = {isa = PBXBuildFile; fileRef = 2E6E66D51EB1C74100D09F19 /* UIBezierPath_____Tests.m */; };
		2E6E66E11EB1C74100D09F19 /* UIBezierPath_____UITests.m in Sources */ = {isa = PBXBuildFile; fileRef = 2E6E66E01EB1C74100D09F19 /* UIBezierPath_____UITests.m */; };
		2E6E66FA1EB1D71200D09F19 /* AppDelegate.m in Sources */ = {isa = PBXBuildFile; fileRef = 2E6E66F91EB1D71200D09F19 /* AppDelegate.m */; };
		7B227E97D467DB6967B9DE91 /* libPods-UIBezierPath贝塞尔曲线.a in Frameworks */ = {isa = PBXBuildFile; fileRef = 39F22081D27D51AB754814DD /* libPods-UIBezierPath贝塞尔曲线.a */; };
/* End PBXBuildFile section */

/* Begin PBXContainerItemProxy section */
		2E6E66D21EB1C74100D09F19 /* PBXContainerItemProxy */ = {
			isa = PBXContainerItemProxy;
			containerPortal = 2E6E66B01EB1C74100D09F19 /* Project object */;
			proxyType = 1;
			remoteGlobalIDString = 2E6E66B71EB1C74100D09F19;
			remoteInfo = "UIBezierPath贝塞尔曲线";
		};
		2E6E66DD1EB1C74100D09F19 /* PBXContainerItemProxy */ = {
			isa = PBXContainerItemProxy;
			containerPortal = 2E6E66B01EB1C74100D09F19 /* Project object */;
			proxyType = 1;
			remoteGlobalIDString = 2E6E66B71EB1C74100D09F19;
			remoteInfo = "UIBezierPath贝塞尔曲线";
		};
/* End PBXContainerItemProxy section */

/* Begin PBXFileReference section */
		2E0C21081EB2EC3600D94DAE /* Header.h */ = {isa = PBXFileReference; lastKnownFileType = sourcecode.c.h; path = Header.h; sourceTree = "<group>"; };
		2E0C210B1EB2EC5200D94DAE /* UIBezierPath的使用.h */ = {isa = PBXFileReference; fileEncoding = 4; lastKnownFileType = sourcecode.c.h; path = "UIBezierPath的使用.h"; sourceTree = "<group>"; };
		2E0C210C1EB2EC7B00D94DAE /* UIBezierPath官方译文.h */ = {isa = PBXFileReference; lastKnownFileType = sourcecode.c.h; path = "UIBezierPath官方译文.h"; sourceTree = "<group>"; };
		2E0C21131EB317E700D94DAE /* BezierPathView.h */ = {isa = PBXFileReference; fileEncoding = 4; lastKnownFileType = sourcecode.c.h; path = BezierPathView.h; sourceTree = "<group>"; };
		2E0C21141EB317E700D94DAE /* BezierPathView.m */ = {isa = PBXFileReference; fileEncoding = 4; lastKnownFileType = sourcecode.c.objc; path = BezierPathView.m; sourceTree = "<group>"; };
		2E0C21161EB317E700D94DAE /* MainViewController.h */ = {isa = PBXFileReference; fileEncoding = 4; lastKnownFileType = sourcecode.c.h; path = MainViewController.h; sourceTree = "<group>"; };
		2E0C21171EB317E700D94DAE /* MainViewController.m */ = {isa = PBXFileReference; fileEncoding = 4; lastKnownFileType = sourcecode.c.objc; path = MainViewController.m; sourceTree = "<group>"; };
		2E0C21181EB317E700D94DAE /* SelectViewController.h */ = {isa = PBXFileReference; fileEncoding = 4; lastKnownFileType = sourcecode.c.h; path = SelectViewController.h; sourceTree = "<group>"; };
		2E0C21191EB317E700D94DAE /* SelectViewController.m */ = {isa = PBXFileReference; fileEncoding = 4; lastKnownFileType = sourcecode.c.objc; path = SelectViewController.m; sourceTree = "<group>"; };
		2E0C211D1EB3181E00D94DAE /* typeModel.h */ = {isa = PBXFileReference; fileEncoding = 4; lastKnownFileType = sourcecode.c.h; path = typeModel.h; sourceTree = "<group>"; };
		2E0C211E1EB3181E00D94DAE /* typeModel.m */ = {isa = PBXFileReference; fileEncoding = 4; lastKnownFileType = sourcecode.c.objc; path = typeModel.m; sourceTree = "<group>"; };
		2E6E66B81EB1C74100D09F19 /* UIBezierPath贝塞尔曲线.app */ = {isa = PBXFileReference; explicitFileType = wrapper.application; includeInIndex = 0; path = "UIBezierPath贝塞尔曲线.app"; sourceTree = BUILT_PRODUCTS_DIR; };
		2E6E66BC1EB1C74100D09F19 /* main.m */ = {isa = PBXFileReference; lastKnownFileType = sourcecode.c.objc; path = main.m; sourceTree = "<group>"; };
		2E6E66C71EB1C74100D09F19 /* Assets.xcassets */ = {isa = PBXFileReference; lastKnownFileType = folder.assetcatalog; name = Assets.xcassets; path = ../Assets.xcassets; sourceTree = "<group>"; };
		2E6E66CA1EB1C74100D09F19 /* Base */ = {isa = PBXFileReference; lastKnownFileType = file.storyboard; name = Base; path = Base.lproj/LaunchScreen.storyboard; sourceTree = "<group>"; };
		2E6E66CC1EB1C74100D09F19 /* Info.plist */ = {isa = PBXFileReference; lastKnownFileType = text.plist.xml; name = Info.plist; path = ../Info.plist; sourceTree = "<group>"; };
		2E6E66D11EB1C74100D09F19 /* UIBezierPath贝塞尔曲线Tests.xctest */ = {isa = PBXFileReference; explicitFileType = wrapper.cfbundle; includeInIndex = 0; path = "UIBezierPath贝塞尔曲线Tests.xctest"; sourceTree = BUILT_PRODUCTS_DIR; };
		2E6E66D51EB1C74100D09F19 /* UIBezierPath_____Tests.m */ = {isa = PBXFileReference; lastKnownFileType = sourcecode.c.objc; path = "UIBezierPath_____Tests.m"; sourceTree = "<group>"; };
		2E6E66D71EB1C74100D09F19 /* Info.plist */ = {isa = PBXFileReference; lastKnownFileType = text.plist.xml; path = Info.plist; sourceTree = "<group>"; };
		2E6E66DC1EB1C74100D09F19 /* UIBezierPath贝塞尔曲线UITests.xctest */ = {isa = PBXFileReference; explicitFileType = wrapper.cfbundle; includeInIndex = 0; path = "UIBezierPath贝塞尔曲线UITests.xctest"; sourceTree = BUILT_PRODUCTS_DIR; };
		2E6E66E01EB1C74100D09F19 /* UIBezierPath_____UITests.m */ = {isa = PBXFileReference; lastKnownFileType = sourcecode.c.objc; path = "UIBezierPath_____UITests.m"; sourceTree = "<group>"; };
		2E6E66E21EB1C74100D09F19 /* Info.plist */ = {isa = PBXFileReference; lastKnownFileType = text.plist.xml; path = Info.plist; sourceTree = "<group>"; };
		2E6E66F71EB1D6F500D09F19 /* PrefixHeader.pch */ = {isa = PBXFileReference; fileEncoding = 4; lastKnownFileType = sourcecode.c.h; path = PrefixHeader.pch; sourceTree = "<group>"; };
		2E6E66F81EB1D71200D09F19 /* AppDelegate.h */ = {isa = PBXFileReference; fileEncoding = 4; lastKnownFileType = sourcecode.c.h; path = AppDelegate.h; sourceTree = "<group>"; };
		2E6E66F91EB1D71200D09F19 /* AppDelegate.m */ = {isa = PBXFileReference; fileEncoding = 4; lastKnownFileType = sourcecode.c.objc; path = AppDelegate.m; sourceTree = "<group>"; };
		39F22081D27D51AB754814DD /* libPods-UIBezierPath贝塞尔曲线.a */ = {isa = PBXFileReference; explicitFileType = archive.ar; includeInIndex = 0; path = "libPods-UIBezierPath贝塞尔曲线.a"; sourceTree = BUILT_PRODUCTS_DIR; };
		FA4BE4137CC00473D68470BE /* Pods-UIBezierPath贝塞尔曲线.release.xcconfig */ = {isa = PBXFileReference; includeInIndex = 1; lastKnownFileType = text.xcconfig; name = "Pods-UIBezierPath贝塞尔曲线.release.xcconfig"; path = "Pods/Target Support Files/Pods-UIBezierPath贝塞尔曲线/Pods-UIBezierPath贝塞尔曲线.release.xcconfig"; sourceTree = "<group>"; };
		FB74B0EFB3BE24A305B6BCBC /* Pods-UIBezierPath贝塞尔曲线.debug.xcconfig */ = {isa = PBXFileReference; includeInIndex = 1; lastKnownFileType = text.xcconfig; name = "Pods-UIBezierPath贝塞尔曲线.debug.xcconfig"; path = "Pods/Target Support Files/Pods-UIBezierPath贝塞尔曲线/Pods-UIBezierPath贝塞尔曲线.debug.xcconfig"; sourceTree = "<group>"; };
/* End PBXFileReference section */

/* Begin PBXFrameworksBuildPhase section */
		2E6E66B51EB1C74100D09F19 /* Frameworks */ = {
			isa = PBXFrameworksBuildPhase;
			buildActionMask = 2147483647;
			files = (
				7B227E97D467DB6967B9DE91 /* libPods-UIBezierPath贝塞尔曲线.a in Frameworks */,
			);
			runOnlyForDeploymentPostprocessing = 0;
		};
		2E6E66CE1EB1C74100D09F19 /* Frameworks */ = {
			isa = PBXFrameworksBuildPhase;
			buildActionMask = 2147483647;
			files = (
			);
			runOnlyForDeploymentPostprocessing = 0;
		};
		2E6E66D91EB1C74100D09F19 /* Frameworks */ = {
			isa = PBXFrameworksBuildPhase;
			buildActionMask = 2147483647;
			files = (
			);
			runOnlyForDeploymentPostprocessing = 0;
		};
/* End PBXFrameworksBuildPhase section */

/* Begin PBXGroup section */
		2E0C210A1EB2EC5200D94DAE /* UIBezierPath笔记 */ = {
			isa = PBXGroup;
			children = (
				2E0C210C1EB2EC7B00D94DAE /* UIBezierPath官方译文.h */,
				2E0C210B1EB2EC5200D94DAE /* UIBezierPath的使用.h */,
			);
			path = "UIBezierPath笔记";
			sourceTree = "<group>";
		};
		2E0C21111EB317E700D94DAE /* Model */ = {
			isa = PBXGroup;
			children = (
				2E0C211D1EB3181E00D94DAE /* typeModel.h */,
				2E0C211E1EB3181E00D94DAE /* typeModel.m */,
			);
			path = Model;
			sourceTree = "<group>";
		};
		2E0C21121EB317E700D94DAE /* View */ = {
			isa = PBXGroup;
			children = (
				2E0C21131EB317E700D94DAE /* BezierPathView.h */,
				2E0C21141EB317E700D94DAE /* BezierPathView.m */,
			);
			path = View;
			sourceTree = "<group>";
		};
		2E0C21151EB317E700D94DAE /* Controller */ = {
			isa = PBXGroup;
			children = (
				2E0C21161EB317E700D94DAE /* MainViewController.h */,
				2E0C21171EB317E700D94DAE /* MainViewController.m */,
				2E0C21181EB317E700D94DAE /* SelectViewController.h */,
				2E0C21191EB317E700D94DAE /* SelectViewController.m */,
			);
			path = Controller;
			sourceTree = "<group>";
		};
		2E6E66AF1EB1C74100D09F19 = {
			isa = PBXGroup;
			children = (
				2E6E66BA1EB1C74100D09F19 /* UIBezierPath贝塞尔曲线 */,
				2E6E66D41EB1C74100D09F19 /* UIBezierPath贝塞尔曲线Tests */,
				2E6E66DF1EB1C74100D09F19 /* UIBezierPath贝塞尔曲线UITests */,
				2E6E66B91EB1C74100D09F19 /* Products */,
				3D0CD2910A06613B88808436 /* Pods */,
				40CCFEBCECC2BE600D3BEB73 /* Frameworks */,
			);
			sourceTree = "<group>";
		};
		2E6E66B91EB1C74100D09F19 /* Products */ = {
			isa = PBXGroup;
			children = (
				2E6E66B81EB1C74100D09F19 /* UIBezierPath贝塞尔曲线.app */,
				2E6E66D11EB1C74100D09F19 /* UIBezierPath贝塞尔曲线Tests.xctest */,
				2E6E66DC1EB1C74100D09F19 /* UIBezierPath贝塞尔曲线UITests.xctest */,
			);
			name = Products;
			sourceTree = "<group>";
		};
		2E6E66BA1EB1C74100D09F19 /* UIBezierPath贝塞尔曲线 */ = {
			isa = PBXGroup;
			children = (
				2E0C210A1EB2EC5200D94DAE /* UIBezierPath笔记 */,
				2E6E66F51EB1D6F500D09F19 /* Other */,
				2E6E66FB1EB1D74F00D09F19 /* Main */,
				2E6E66BB1EB1C74100D09F19 /* Supporting Files */,
			);
			path = "UIBezierPath贝塞尔曲线";
			sourceTree = "<group>";
		};
		2E6E66BB1EB1C74100D09F19 /* Supporting Files */ = {
			isa = PBXGroup;
			children = (
				2E6E66BC1EB1C74100D09F19 /* main.m */,
			);
			name = "Supporting Files";
			sourceTree = "<group>";
		};
		2E6E66D41EB1C74100D09F19 /* UIBezierPath贝塞尔曲线Tests */ = {
			isa = PBXGroup;
			children = (
				2E6E66D51EB1C74100D09F19 /* UIBezierPath_____Tests.m */,
				2E6E66D71EB1C74100D09F19 /* Info.plist */,
			);
			path = "UIBezierPath贝塞尔曲线Tests";
			sourceTree = "<group>";
		};
		2E6E66DF1EB1C74100D09F19 /* UIBezierPath贝塞尔曲线UITests */ = {
			isa = PBXGroup;
			children = (
				2E6E66E01EB1C74100D09F19 /* UIBezierPath_____UITests.m */,
				2E6E66E21EB1C74100D09F19 /* Info.plist */,
			);
			path = "UIBezierPath贝塞尔曲线UITests";
			sourceTree = "<group>";
		};
		2E6E66F51EB1D6F500D09F19 /* Other */ = {
			isa = PBXGroup;
			children = (
				2E6E66F81EB1D71200D09F19 /* AppDelegate.h */,
				2E6E66F91EB1D71200D09F19 /* AppDelegate.m */,
				2E6E66C71EB1C74100D09F19 /* Assets.xcassets */,
				2E6E66C91EB1C74100D09F19 /* LaunchScreen.storyboard */,
				2E6E66CC1EB1C74100D09F19 /* Info.plist */,
				2E0C21081EB2EC3600D94DAE /* Header.h */,
				2E6E66F71EB1D6F500D09F19 /* PrefixHeader.pch */,
			);
			path = Other;
			sourceTree = "<group>";
		};
		2E6E66FB1EB1D74F00D09F19 /* Main */ = {
			isa = PBXGroup;
			children = (
				2E0C21111EB317E700D94DAE /* Model */,
				2E0C21121EB317E700D94DAE /* View */,
				2E0C21151EB317E700D94DAE /* Controller */,
			);
			path = Main;
			sourceTree = "<group>";
		};
		3D0CD2910A06613B88808436 /* Pods */ = {
			isa = PBXGroup;
			children = (
				FB74B0EFB3BE24A305B6BCBC /* Pods-UIBezierPath贝塞尔曲线.debug.xcconfig */,
				FA4BE4137CC00473D68470BE /* Pods-UIBezierPath贝塞尔曲线.release.xcconfig */,
			);
			name = Pods;
			sourceTree = "<group>";
		};
		40CCFEBCECC2BE600D3BEB73 /* Frameworks */ = {
			isa = PBXGroup;
			children = (
				39F22081D27D51AB754814DD /* libPods-UIBezierPath贝塞尔曲线.a */,
			);
			name = Frameworks;
			sourceTree = "<group>";
		};
/* End PBXGroup section */

/* Begin PBXNativeTarget section */
		2E6E66B71EB1C74100D09F19 /* UIBezierPath贝塞尔曲线 */ = {
			isa = PBXNativeTarget;
			buildConfigurationList = 2E6E66E51EB1C74100D09F19 /* Build configuration list for PBXNativeTarget "UIBezierPath贝塞尔曲线" */;
			buildPhases = (
				0E4E1028886FAEF9A83DFD1B /* [CP] Check Pods Manifest.lock */,
				2E6E66B41EB1C74100D09F19 /* Sources */,
				2E6E66B51EB1C74100D09F19 /* Frameworks */,
				2E6E66B61EB1C74100D09F19 /* Resources */,
				FE69D0D898DB308732C07EC0 /* [CP] Embed Pods Frameworks */,
				564DD881A6FBAF8D5B285CFF /* [CP] Copy Pods Resources */,
			);
			buildRules = (
			);
			dependencies = (
			);
			name = "UIBezierPath贝塞尔曲线";
			productName = "UIBezierPath贝塞尔曲线";
			productReference = 2E6E66B81EB1C74100D09F19 /* UIBezierPath贝塞尔曲线.app */;
			productType = "com.apple.product-type.application";
		};
		2E6E66D01EB1C74100D09F19 /* UIBezierPath贝塞尔曲线Tests */ = {
			isa = PBXNativeTarget;
			buildConfigurationList = 2E6E66E81EB1C74100D09F19 /* Build configuration list for PBXNativeTarget "UIBezierPath贝塞尔曲线Tests" */;
			buildPhases = (
				2E6E66CD1EB1C74100D09F19 /* Sources */,
				2E6E66CE1EB1C74100D09F19 /* Frameworks */,
				2E6E66CF1EB1C74100D09F19 /* Resources */,
			);
			buildRules = (
			);
			dependencies = (
				2E6E66D31EB1C74100D09F19 /* PBXTargetDependency */,
			);
			name = "UIBezierPath贝塞尔曲线Tests";
			productName = "UIBezierPath贝塞尔曲线Tests";
			productReference = 2E6E66D11EB1C74100D09F19 /* UIBezierPath贝塞尔曲线Tests.xctest */;
			productType = "com.apple.product-type.bundle.unit-test";
		};
		2E6E66DB1EB1C74100D09F19 /* UIBezierPath贝塞尔曲线UITests */ = {
			isa = PBXNativeTarget;
			buildConfigurationList = 2E6E66EB1EB1C74100D09F19 /* Build configuration list for PBXNativeTarget "UIBezierPath贝塞尔曲线UITests" */;
			buildPhases = (
				2E6E66D81EB1C74100D09F19 /* Sources */,
				2E6E66D91EB1C74100D09F19 /* Frameworks */,
				2E6E66DA1EB1C74100D09F19 /* Resources */,
			);
			buildRules = (
			);
			dependencies = (
				2E6E66DE1EB1C74100D09F19 /* PBXTargetDependency */,
			);
			name = "UIBezierPath贝塞尔曲线UITests";
			productName = "UIBezierPath贝塞尔曲线UITests";
			productReference = 2E6E66DC1EB1C74100D09F19 /* UIBezierPath贝塞尔曲线UITests.xctest */;
			productType = "com.apple.product-type.bundle.ui-testing";
		};
/* End PBXNativeTarget section */

/* Begin PBXProject section */
		2E6E66B01EB1C74100D09F19 /* Project object */ = {
			isa = PBXProject;
			attributes = {
				LastUpgradeCheck = 0800;
				ORGANIZATIONNAME = View;
				TargetAttributes = {
					2E6E66B71EB1C74100D09F19 = {
						CreatedOnToolsVersion = 8.0;
						ProvisioningStyle = Automatic;
					};
					2E6E66D01EB1C74100D09F19 = {
						CreatedOnToolsVersion = 8.0;
						ProvisioningStyle = Automatic;
						TestTargetID = 2E6E66B71EB1C74100D09F19;
					};
					2E6E66DB1EB1C74100D09F19 = {
						CreatedOnToolsVersion = 8.0;
						ProvisioningStyle = Automatic;
						TestTargetID = 2E6E66B71EB1C74100D09F19;
					};
				};
			};
			buildConfigurationList = 2E6E66B31EB1C74100D09F19 /* Build configuration list for PBXProject "UIBezierPath贝塞尔曲线" */;
			compatibilityVersion = "Xcode 3.2";
			developmentRegion = English;
			hasScannedForEncodings = 0;
			knownRegions = (
				en,
				Base,
			);
			mainGroup = 2E6E66AF1EB1C74100D09F19;
			productRefGroup = 2E6E66B91EB1C74100D09F19 /* Products */;
			projectDirPath = "";
			projectRoot = "";
			targets = (
				2E6E66B71EB1C74100D09F19 /* UIBezierPath贝塞尔曲线 */,
				2E6E66D01EB1C74100D09F19 /* UIBezierPath贝塞尔曲线Tests */,
				2E6E66DB1EB1C74100D09F19 /* UIBezierPath贝塞尔曲线UITests */,
			);
		};
/* End PBXProject section */

/* Begin PBXResourcesBuildPhase section */
		2E6E66B61EB1C74100D09F19 /* Resources */ = {
			isa = PBXResourcesBuildPhase;
			buildActionMask = 2147483647;
			files = (
				2E6E66CB1EB1C74100D09F19 /* LaunchScreen.storyboard in Resources */,
				2E6E66C81EB1C74100D09F19 /* Assets.xcassets in Resources */,
			);
			runOnlyForDeploymentPostprocessing = 0;
		};
		2E6E66CF1EB1C74100D09F19 /* Resources */ = {
			isa = PBXResourcesBuildPhase;
			buildActionMask = 2147483647;
			files = (
			);
			runOnlyForDeploymentPostprocessing = 0;
		};
		2E6E66DA1EB1C74100D09F19 /* Resources */ = {
			isa = PBXResourcesBuildPhase;
			buildActionMask = 2147483647;
			files = (
			);
			runOnlyForDeploymentPostprocessing = 0;
		};
/* End PBXResourcesBuildPhase section */

/* Begin PBXShellScriptBuildPhase section */
		0E4E1028886FAEF9A83DFD1B /* [CP] Check Pods Manifest.lock */ = {
			isa = PBXShellScriptBuildPhase;
			buildActionMask = 2147483647;
			files = (
			);
			inputPaths = (
			);
			name = "[CP] Check Pods Manifest.lock";
			outputPaths = (
			);
			runOnlyForDeploymentPostprocessing = 0;
			shellPath = /bin/sh;
			shellScript = "diff \"${PODS_ROOT}/../Podfile.lock\" \"${PODS_ROOT}/Manifest.lock\" > /dev/null\nif [ $? != 0 ] ; then\n    # print error to STDERR\n    echo \"error: The sandbox is not in sync with the Podfile.lock. Run 'pod install' or update your CocoaPods installation.\" >&2\n    exit 1\nfi\n";
			showEnvVarsInLog = 0;
		};
		564DD881A6FBAF8D5B285CFF /* [CP] Copy Pods Resources */ = {
			isa = PBXShellScriptBuildPhase;
			buildActionMask = 2147483647;
			files = (
			);
			inputPaths = (
			);
			name = "[CP] Copy Pods Resources";
			outputPaths = (
			);
			runOnlyForDeploymentPostprocessing = 0;
			shellPath = /bin/sh;
			shellScript = "\"${SRCROOT}/Pods/Target Support Files/Pods-UIBezierPath贝塞尔曲线/Pods-UIBezierPath贝塞尔曲线-resources.sh\"\n";
			showEnvVarsInLog = 0;
		};
		FE69D0D898DB308732C07EC0 /* [CP] Embed Pods Frameworks */ = {
			isa = PBXShellScriptBuildPhase;
			buildActionMask = 2147483647;
			files = (
			);
			inputPaths = (
			);
			name = "[CP] Embed Pods Frameworks";
			outputPaths = (
			);
			runOnlyForDeploymentPostprocessing = 0;
			shellPath = /bin/sh;
			shellScript = "\"${SRCROOT}/Pods/Target Support Files/Pods-UIBezierPath贝塞尔曲线/Pods-UIBezierPath贝塞尔曲线-frameworks.sh\"\n";
			showEnvVarsInLog = 0;
		};
/* End PBXShellScriptBuildPhase section */

/* Begin PBXSourcesBuildPhase section */
		2E6E66B41EB1C74100D09F19 /* Sources */ = {
			isa = PBXSourcesBuildPhase;
			buildActionMask = 2147483647;
			files = (
				2E6E66BD1EB1C74100D09F19 /* main.m in Sources */,
				2E0C211F1EB3181E00D94DAE /* typeModel.m in Sources */,
				2E0C211A1EB317E700D94DAE /* BezierPathView.m in Sources */,
				2E6E66FA1EB1D71200D09F19 /* AppDelegate.m in Sources */,
				2E0C211C1EB317E700D94DAE /* SelectViewController.m in Sources */,
				2E0C211B1EB317E700D94DAE /* MainViewController.m in Sources */,
			);
			runOnlyForDeploymentPostprocessing = 0;
		};
		2E6E66CD1EB1C74100D09F19 /* Sources */ = {
			isa = PBXSourcesBuildPhase;
			buildActionMask = 2147483647;
			files = (
				2E6E66D61EB1C74100D09F19 /* UIBezierPath_____Tests.m in Sources */,
			);
			runOnlyForDeploymentPostprocessing = 0;
		};
		2E6E66D81EB1C74100D09F19 /* Sources */ = {
			isa = PBXSourcesBuildPhase;
			buildActionMask = 2147483647;
			files = (
				2E6E66E11EB1C74100D09F19 /* UIBezierPath_____UITests.m in Sources */,
			);
			runOnlyForDeploymentPostprocessing = 0;
		};
/* End PBXSourcesBuildPhase section */

/* Begin PBXTargetDependency section */
		2E6E66D31EB1C74100D09F19 /* PBXTargetDependency */ = {
			isa = PBXTargetDependency;
			target = 2E6E66B71EB1C74100D09F19 /* UIBezierPath贝塞尔曲线 */;
			targetProxy = 2E6E66D21EB1C74100D09F19 /* PBXContainerItemProxy */;
		};
		2E6E66DE1EB1C74100D09F19 /* PBXTargetDependency */ = {
			isa = PBXTargetDependency;
			target = 2E6E66B71EB1C74100D09F19 /* UIBezierPath贝塞尔曲线 */;
			targetProxy = 2E6E66DD1EB1C74100D09F19 /* PBXContainerItemProxy */;
		};
/* End PBXTargetDependency section */

/* Begin PBXVariantGroup section */
		2E6E66C91EB1C74100D09F19 /* LaunchScreen.storyboard */ = {
			isa = PBXVariantGroup;
			children = (
				2E6E66CA1EB1C74100D09F19 /* Base */,
			);
			name = LaunchScreen.storyboard;
			path = ..;
			sourceTree = "<group>";
		};
/* End PBXVariantGroup section */

/* Begin XCBuildConfiguration section */
		2E6E66E31EB1C74100D09F19 /* Debug */ = {
			isa = XCBuildConfiguration;
			buildSettings = {
				ALWAYS_SEARCH_USER_PATHS = NO;
				CLANG_ANALYZER_NONNULL = YES;
				CLANG_CXX_LANGUAGE_STANDARD = "gnu++0x";
				CLANG_CXX_LIBRARY = "libc++";
				CLANG_ENABLE_MODULES = YES;
				CLANG_ENABLE_OBJC_ARC = YES;
				CLANG_WARN_BOOL_CONVERSION = YES;
				CLANG_WARN_CONSTANT_CONVERSION = YES;
				CLANG_WARN_DIRECT_OBJC_ISA_USAGE = YES_ERROR;
				CLANG_WARN_DOCUMENTATION_COMMENTS = YES;
				CLANG_WARN_EMPTY_BODY = YES;
				CLANG_WARN_ENUM_CONVERSION = YES;
				CLANG_WARN_INFINITE_RECURSION = YES;
				CLANG_WARN_INT_CONVERSION = YES;
				CLANG_WARN_OBJC_ROOT_CLASS = YES_ERROR;
				CLANG_WARN_SUSPICIOUS_MOVES = YES;
				CLANG_WARN_UNREACHABLE_CODE = YES;
				CLANG_WARN__DUPLICATE_METHOD_MATCH = YES;
				"CODE_SIGN_IDENTITY[sdk=iphoneos*]" = "iPhone Developer";
				COPY_PHASE_STRIP = NO;
				DEBUG_INFORMATION_FORMAT = dwarf;
				ENABLE_STRICT_OBJC_MSGSEND = YES;
				ENABLE_TESTABILITY = YES;
				GCC_C_LANGUAGE_STANDARD = gnu99;
				GCC_DYNAMIC_NO_PIC = NO;
				GCC_NO_COMMON_BLOCKS = YES;
				GCC_OPTIMIZATION_LEVEL = 0;
				GCC_PREPROCESSOR_DEFINITIONS = (
					"DEBUG=1",
					"$(inherited)",
				);
				GCC_WARN_64_TO_32_BIT_CONVERSION = YES;
				GCC_WARN_ABOUT_RETURN_TYPE = YES_ERROR;
				GCC_WARN_UNDECLARED_SELECTOR = YES;
				GCC_WARN_UNINITIALIZED_AUTOS = YES_AGGRESSIVE;
				GCC_WARN_UNUSED_FUNCTION = YES;
				GCC_WARN_UNUSED_VARIABLE = YES;
				IPHONEOS_DEPLOYMENT_TARGET = 10.0;
				MTL_ENABLE_DEBUG_INFO = YES;
				ONLY_ACTIVE_ARCH = YES;
				SDKROOT = iphoneos;
			};
			name = Debug;
		};
		2E6E66E41EB1C74100D09F19 /* Release */ = {
			isa = XCBuildConfiguration;
			buildSettings = {
				ALWAYS_SEARCH_USER_PATHS = NO;
				CLANG_ANALYZER_NONNULL = YES;
				CLANG_CXX_LANGUAGE_STANDARD = "gnu++0x";
				CLANG_CXX_LIBRARY = "libc++";
				CLANG_ENABLE_MODULES = YES;
				CLANG_ENABLE_OBJC_ARC = YES;
				CLANG_WARN_BOOL_CONVERSION = YES;
				CLANG_WARN_CONSTANT_CONVERSION = YES;
				CLANG_WARN_DIRECT_OBJC_ISA_USAGE = YES_ERROR;
				CLANG_WARN_DOCUMENTATION_COMMENTS = YES;
				CLANG_WARN_EMPTY_BODY = YES;
				CLANG_WARN_ENUM_CONVERSION = YES;
				CLANG_WARN_INFINITE_RECURSION = YES;
				CLANG_WARN_INT_CONVERSION = YES;
				CLANG_WARN_OBJC_ROOT_CLASS = YES_ERROR;
				CLANG_WARN_SUSPICIOUS_MOVES = YES;
				CLANG_WARN_UNREACHABLE_CODE = YES;
				CLANG_WARN__DUPLICATE_METHOD_MATCH = YES;
				"CODE_SIGN_IDENTITY[sdk=iphoneos*]" = "iPhone Developer";
				COPY_PHASE_STRIP = NO;
				DEBUG_INFORMATION_FORMAT = "dwarf-with-dsym";
				ENABLE_NS_ASSERTIONS = NO;
				ENABLE_STRICT_OBJC_MSGSEND = YES;
				GCC_C_LANGUAGE_STANDARD = gnu99;
				GCC_NO_COMMON_BLOCKS = YES;
				GCC_WARN_64_TO_32_BIT_CONVERSION = YES;
				GCC_WARN_ABOUT_RETURN_TYPE = YES_ERROR;
				GCC_WARN_UNDECLARED_SELECTOR = YES;
				GCC_WARN_UNINITIALIZED_AUTOS = YES_AGGRESSIVE;
				GCC_WARN_UNUSED_FUNCTION = YES;
				GCC_WARN_UNUSED_VARIABLE = YES;
				IPHONEOS_DEPLOYMENT_TARGET = 10.0;
				MTL_ENABLE_DEBUG_INFO = NO;
				SDKROOT = iphoneos;
				VALIDATE_PRODUCT = YES;
			};
			name = Release;
		};
		2E6E66E61EB1C74100D09F19 /* Debug */ = {
			isa = XCBuildConfiguration;
			baseConfigurationReference = FB74B0EFB3BE24A305B6BCBC /* Pods-UIBezierPath贝塞尔曲线.debug.xcconfig */;
			buildSettings = {
				ASSETCATALOG_COMPILER_APPICON_NAME = AppIcon;
				GCC_PRECOMPILE_PREFIX_HEADER = YES;
				GCC_PREFIX_HEADER = "UIBezierPath贝塞尔曲线/Other/PrefixHeader.pch";
				INFOPLIST_FILE = "UIBezierPath贝塞尔曲线/Info.plist";
				IPHONEOS_DEPLOYMENT_TARGET = 8.0;
				LD_RUNPATH_SEARCH_PATHS = "$(inherited) @executable_path/Frameworks";
				PRODUCT_BUNDLE_IDENTIFIER = "com.test.UIBezierPath-----";
				PRODUCT_NAME = "$(TARGET_NAME)";
			};
			name = Debug;
		};
		2E6E66E71EB1C74100D09F19 /* Release */ = {
			isa = XCBuildConfiguration;
			baseConfigurationReference = FA4BE4137CC00473D68470BE /* Pods-UIBezierPath贝塞尔曲线.release.xcconfig */;
			buildSettings = {
				ASSETCATALOG_COMPILER_APPICON_NAME = AppIcon;
				GCC_PRECOMPILE_PREFIX_HEADER = YES;
				GCC_PREFIX_HEADER = "UIBezierPath贝塞尔曲线/Other/PrefixHeader.pch";
				INFOPLIST_FILE = "UIBezierPath贝塞尔曲线/Info.plist";
				IPHONEOS_DEPLOYMENT_TARGET = 8.0;
				LD_RUNPATH_SEARCH_PATHS = "$(inherited) @executable_path/Frameworks";
				PRODUCT_BUNDLE_IDENTIFIER = "com.test.UIBezierPath-----";
				PRODUCT_NAME = "$(TARGET_NAME)";
			};
			name = Release;
		};
		2E6E66E91EB1C74100D09F19 /* Debug */ = {
			isa = XCBuildConfiguration;
			buildSettings = {
				BUNDLE_LOADER = "$(TEST_HOST)";
				INFOPLIST_FILE = "UIBezierPath贝塞尔曲线Tests/Info.plist";
				LD_RUNPATH_SEARCH_PATHS = "$(inherited) @executable_path/Frameworks @loader_path/Frameworks";
				PRODUCT_BUNDLE_IDENTIFIER = "com.test.UIBezierPath-----Tests";
				PRODUCT_NAME = "$(TARGET_NAME)";
				TEST_HOST = "$(BUILT_PRODUCTS_DIR)/UIBezierPath贝塞尔曲线.app/UIBezierPath贝塞尔曲线";
			};
			name = Debug;
		};
		2E6E66EA1EB1C74100D09F19 /* Release */ = {
			isa = XCBuildConfiguration;
			buildSettings = {
				BUNDLE_LOADER = "$(TEST_HOST)";
				INFOPLIST_FILE = "UIBezierPath贝塞尔曲线Tests/Info.plist";
				LD_RUNPATH_SEARCH_PATHS = "$(inherited) @executable_path/Frameworks @loader_path/Frameworks";
				PRODUCT_BUNDLE_IDENTIFIER = "com.test.UIBezierPath-----Tests";
				PRODUCT_NAME = "$(TARGET_NAME)";
				TEST_HOST = "$(BUILT_PRODUCTS_DIR)/UIBezierPath贝塞尔曲线.app/UIBezierPath贝塞尔曲线";
			};
			name = Release;
		};
		2E6E66EC1EB1C74100D09F19 /* Debug */ = {
			isa = XCBuildConfiguration;
			buildSettings = {
				INFOPLIST_FILE = "UIBezierPath贝塞尔曲线UITests/Info.plist";
				LD_RUNPATH_SEARCH_PATHS = "$(inherited) @executable_path/Frameworks @loader_path/Frameworks";
				PRODUCT_BUNDLE_IDENTIFIER = "com.test.UIBezierPath-----UITests";
				PRODUCT_NAME = "$(TARGET_NAME)";
				TEST_TARGET_NAME = "UIBezierPath贝塞尔曲线";
			};
			name = Debug;
		};
		2E6E66ED1EB1C74100D09F19 /* Release */ = {
			isa = XCBuildConfiguration;
			buildSettings = {
				INFOPLIST_FILE = "UIBezierPath贝塞尔曲线UITests/Info.plist";
				LD_RUNPATH_SEARCH_PATHS = "$(inherited) @executable_path/Frameworks @loader_path/Frameworks";
				PRODUCT_BUNDLE_IDENTIFIER = "com.test.UIBezierPath-----UITests";
				PRODUCT_NAME = "$(TARGET_NAME)";
				TEST_TARGET_NAME = "UIBezierPath贝塞尔曲线";
			};
			name = Release;
		};
/* End XCBuildConfiguration section */

/* Begin XCConfigurationList section */
		2E6E66B31EB1C74100D09F19 /* Build configuration list for PBXProject "UIBezierPath贝塞尔曲线" */ = {
			isa = XCConfigurationList;
			buildConfigurations = (
				2E6E66E31EB1C74100D09F19 /* Debug */,
				2E6E66E41EB1C74100D09F19 /* Release */,
			);
			defaultConfigurationIsVisible = 0;
			defaultConfigurationName = Release;
		};
		2E6E66E51EB1C74100D09F19 /* Build configuration list for PBXNativeTarget "UIBezierPath贝塞尔曲线" */ = {
			isa = XCConfigurationList;
			buildConfigurations = (
				2E6E66E61EB1C74100D09F19 /* Debug */,
				2E6E66E71EB1C74100D09F19 /* Release */,
			);
			defaultConfigurationIsVisible = 0;
			defaultConfigurationName = Release;
		};
		2E6E66E81EB1C74100D09F19 /* Build configuration list for PBXNativeTarget "UIBezierPath贝塞尔曲线Tests" */ = {
			isa = XCConfigurationList;
			buildConfigurations = (
				2E6E66E91EB1C74100D09F19 /* Debug */,
				2E6E66EA1EB1C74100D09F19 /* Release */,
			);
			defaultConfigurationIsVisible = 0;
			defaultConfigurationName = Release;
		};
		2E6E66EB1EB1C74100D09F19 /* Build configuration list for PBXNativeTarget "UIBezierPath贝塞尔曲线UITests" */ = {
			isa = XCConfigurationList;
			buildConfigurations = (
				2E6E66EC1EB1C74100D09F19 /* Debug */,
				2E6E66ED1EB1C74100D09F19 /* Release */,
			);
			defaultConfigurationIsVisible = 0;
			defaultConfigurationName = Release;
		};
/* End XCConfigurationList section */
	};
	rootObject = 2E6E66B01EB1C74100D09F19 /* Project object */;
}
